%{
  "epocxy": {:git, "https://github.com/duomark/epocxy.git", "affd1c41aeae256050e2b2f11f2feb3532df8ebd", []},
  "ex2ms": {:hex, :ex2ms, "1.6.1", "66d472eb14da43087c156e0396bac3cc7176b4f24590a251db53f84e9a0f5f72", [:mix], [], "hexpm", "a7192899d84af03823a8ec2f306fa858cbcce2c2e7fd0f1c49e05168fb9c740e"},
  "proper": {:git, "https://github.com/manopapad/proper", "bfd7d862dd5082eeca65c192a7021d0e4de5973e", [branch: "master"]},
}
